// !$*UTF8*$!
{
	archiveVersion = 1;
	classes = {
	};
	objectVersion = 51;
	objects = {

/* Begin PBXBuildFile section */
		96114C0E460E8A693A48E92D /* Pods_Chores.framework in Frameworks */ = {isa = PBXBuildFile; fileRef = 1F7749F864051FCD22993EF0 /* Pods_Chores.framework */; };
		DC1DB8DB26552BAB00F89E5A /* ChoresDataModel.swift in Sources */ = {isa = PBXBuildFile; fileRef = DC1DB8DA26552BAB00F89E5A /* ChoresDataModel.swift */; };
		DC203D00264E6099002FADDA /* OngoingTableViewCell.swift in Sources */ = {isa = PBXBuildFile; fileRef = DC203CFE264E6098002FADDA /* OngoingTableViewCell.swift */; };
		DC203D01264E6099002FADDA /* OngoingTableViewCell.xib in Resources */ = {isa = PBXBuildFile; fileRef = DC203CFF264E6098002FADDA /* OngoingTableViewCell.xib */; };
		DC203D07264E823C002FADDA /* AddChoresViewController.swift in Sources */ = {isa = PBXBuildFile; fileRef = DC203D06264E823C002FADDA /* AddChoresViewController.swift */; };
		DC502A5D26535D6200BEC0C3 /* PublisherViewController.swift in Sources */ = {isa = PBXBuildFile; fileRef = DC502A5C26535D6200BEC0C3 /* PublisherViewController.swift */; };
		DC531C9A265523D100F3FD4B /* GoogleService-Info.plist in Resources */ = {isa = PBXBuildFile; fileRef = DC531C99265523D100F3FD4B /* GoogleService-Info.plist */; };
		DC5AC61726528BBB00F99E74 /* MemberCollectionViewCell.swift in Sources */ = {isa = PBXBuildFile; fileRef = DC5AC61526528BBB00F99E74 /* MemberCollectionViewCell.swift */; };
		DC5AC61826528BBB00F99E74 /* MemberCollectionViewCell.xib in Resources */ = {isa = PBXBuildFile; fileRef = DC5AC61626528BBB00F99E74 /* MemberCollectionViewCell.xib */; };
		DC8136492650090E003CC6ED /* UICollectionView+Extension.swift in Sources */ = {isa = PBXBuildFile; fileRef = DC8136482650090E003CC6ED /* UICollectionView+Extension.swift */; };
		DC81364D2650095C003CC6ED /* TagCollectionViewCell.swift in Sources */ = {isa = PBXBuildFile; fileRef = DC81364B2650095C003CC6ED /* TagCollectionViewCell.swift */; };
		DC81364E2650095C003CC6ED /* TagCollectionViewCell.xib in Resources */ = {isa = PBXBuildFile; fileRef = DC81364C2650095C003CC6ED /* TagCollectionViewCell.xib */; };
		DC913CE3264C144400C18251 /* SectionView.swift in Sources */ = {isa = PBXBuildFile; fileRef = DC913CE1264C144400C18251 /* SectionView.swift */; };
		DC913CE4264C144400C18251 /* SectionView.xib in Resources */ = {isa = PBXBuildFile; fileRef = DC913CE2264C144400C18251 /* SectionView.xib */; };
		DC913CE7264C1A2B00C18251 /* CardView.swift in Sources */ = {isa = PBXBuildFile; fileRef = DC913CE6264C1A2B00C18251 /* CardView.swift */; };
		DC913CEB264C1F9100C18251 /* UIColor+Extension.swift in Sources */ = {isa = PBXBuildFile; fileRef = DC913CEA264C1F9100C18251 /* UIColor+Extension.swift */; };
		DC913CEE264C517500C18251 /* NavigationController.swift in Sources */ = {isa = PBXBuildFile; fileRef = DC913CED264C517500C18251 /* NavigationController.swift */; };
		DC913CF2264CB46E00C18251 /* UnclaimedCellView.swift in Sources */ = {isa = PBXBuildFile; fileRef = DC913CF0264CB46E00C18251 /* UnclaimedCellView.swift */; };
		DC92B8482652C2A900041D01 /* MemberDataViewController.swift in Sources */ = {isa = PBXBuildFile; fileRef = DC92B8472652C2A900041D01 /* MemberDataViewController.swift */; };
		DC92B84C2652D13D00041D01 /* AddMemberCell.swift in Sources */ = {isa = PBXBuildFile; fileRef = DC92B84A2652D13D00041D01 /* AddMemberCell.swift */; };
		DC92B84D2652D13D00041D01 /* AddMemberCell.xib in Resources */ = {isa = PBXBuildFile; fileRef = DC92B84B2652D13D00041D01 /* AddMemberCell.xib */; };
		DC9B10AF2659691B00F50430 /* UserProvider.swift in Sources */ = {isa = PBXBuildFile; fileRef = DC9B10AE2659691A00F50430 /* UserProvider.swift */; };
		DCA433F2264BA2BD00242617 /* AppDelegate.swift in Sources */ = {isa = PBXBuildFile; fileRef = DCA433F1264BA2BD00242617 /* AppDelegate.swift */; };
		DCA433F4264BA2BD00242617 /* SceneDelegate.swift in Sources */ = {isa = PBXBuildFile; fileRef = DCA433F3264BA2BD00242617 /* SceneDelegate.swift */; };
		DCA433F6264BA2BD00242617 /* MissionViewController.swift in Sources */ = {isa = PBXBuildFile; fileRef = DCA433F5264BA2BD00242617 /* MissionViewController.swift */; };
		DCA433F9264BA2BD00242617 /* Main.storyboard in Resources */ = {isa = PBXBuildFile; fileRef = DCA433F7264BA2BD00242617 /* Main.storyboard */; };
		DCA433FB264BA2C500242617 /* Assets.xcassets in Resources */ = {isa = PBXBuildFile; fileRef = DCA433FA264BA2C500242617 /* Assets.xcassets */; };
		DCA433FE264BA2C500242617 /* LaunchScreen.storyboard in Resources */ = {isa = PBXBuildFile; fileRef = DCA433FC264BA2C500242617 /* LaunchScreen.storyboard */; };
		DCA589F0265553920033EE63 /* RuleSegue.swift in Sources */ = {isa = PBXBuildFile; fileRef = DCA589EF265553920033EE63 /* RuleSegue.swift */; };
		DCA589F326555AD10033EE63 /* FirebaseProvider.swift in Sources */ = {isa = PBXBuildFile; fileRef = DCA589F226555AD10033EE63 /* FirebaseProvider.swift */; };
		DCB98A0E264CDF7200A8C794 /* UITableView+Extension.swift in Sources */ = {isa = PBXBuildFile; fileRef = DCB98A0D264CDF7200A8C794 /* UITableView+Extension.swift */; };
		DCB98A12264CF6C100A8C794 /* UnclaimedCellView.xib in Resources */ = {isa = PBXBuildFile; fileRef = DC913CF1264CB46E00C18251 /* UnclaimedCellView.xib */; };
		DCBB101E2653A36600A8C1E4 /* RuleViewController.swift in Sources */ = {isa = PBXBuildFile; fileRef = DCBB101D2653A36600A8C1E4 /* RuleViewController.swift */; };
		DCBB10212653F9AA00A8C1E4 /* ChoreImages.swift in Sources */ = {isa = PBXBuildFile; fileRef = DCBB10202653F9AA00A8C1E4 /* ChoreImages.swift */; };
		DCD7379F26520B9A00F1DEF8 /* ChoresRecordsViewController.swift in Sources */ = {isa = PBXBuildFile; fileRef = DCD7379E26520B9A00F1DEF8 /* ChoresRecordsViewController.swift */; };
		DCD737A226520BB300F1DEF8 /* ChoresDataViewController.swift in Sources */ = {isa = PBXBuildFile; fileRef = DCD737A126520BB300F1DEF8 /* ChoresDataViewController.swift */; };
		DCD737A726520E7200F1DEF8 /* RecordsTableViewCell.swift in Sources */ = {isa = PBXBuildFile; fileRef = DCD737A526520E7200F1DEF8 /* RecordsTableViewCell.swift */; };
		DCD737A826520E7200F1DEF8 /* RecordsTableViewCell.xib in Resources */ = {isa = PBXBuildFile; fileRef = DCD737A626520E7200F1DEF8 /* RecordsTableViewCell.xib */; };
		DCEEAA38264BCDBE00A64D37 /* UIStoryboard+Extension.swift in Sources */ = {isa = PBXBuildFile; fileRef = DCEEAA37264BCDBE00A64D37 /* UIStoryboard+Extension.swift */; };
		DCEEAA4D264BD98C00A64D37 /* UIView+Extension.swift in Sources */ = {isa = PBXBuildFile; fileRef = DCEEAA4C264BD98C00A64D37 /* UIView+Extension.swift */; };
		DCEEAA50264BDC8B00A64D37 /* UIImage+Extension.swift in Sources */ = {isa = PBXBuildFile; fileRef = DCEEAA4F264BDC8B00A64D37 /* UIImage+Extension.swift */; };
		DCEEAA54264BDD9400A64D37 /* Mission.storyboard in Resources */ = {isa = PBXBuildFile; fileRef = DCEEAA53264BDD9400A64D37 /* Mission.storyboard */; };
		DCEEAA58264BE28D00A64D37 /* TabBarViewController.swift in Sources */ = {isa = PBXBuildFile; fileRef = DCEEAA57264BE28D00A64D37 /* TabBarViewController.swift */; };
		DCEEAA60264BEC8B00A64D37 /* Group.storyboard in Resources */ = {isa = PBXBuildFile; fileRef = DCEEAA5F264BEC8B00A64D37 /* Group.storyboard */; };
		DCEEAA63264BEC9E00A64D37 /* Profile.storyboard in Resources */ = {isa = PBXBuildFile; fileRef = DCEEAA62264BEC9E00A64D37 /* Profile.storyboard */; };
		DCEEAA66264BECC100A64D37 /* Auth.storyboard in Resources */ = {isa = PBXBuildFile; fileRef = DCEEAA65264BECC000A64D37 /* Auth.storyboard */; };
		DCEEAA6A264BED9F00A64D37 /* GroupViewController.swift in Sources */ = {isa = PBXBuildFile; fileRef = DCEEAA69264BED9F00A64D37 /* GroupViewController.swift */; };
		DCEEAA6F264BEDC000A64D37 /* ProfileViewController.swift in Sources */ = {isa = PBXBuildFile; fileRef = DCEEAA6E264BEDC000A64D37 /* ProfileViewController.swift */; };
		DCEEAA73264BEDEC00A64D37 /* AuthViewController.swift in Sources */ = {isa = PBXBuildFile; fileRef = DCEEAA72264BEDEC00A64D37 /* AuthViewController.swift */; };
/* End PBXBuildFile section */

/* Begin PBXFileReference section */
		1F7749F864051FCD22993EF0 /* Pods_Chores.framework */ = {isa = PBXFileReference; explicitFileType = wrapper.framework; includeInIndex = 0; path = Pods_Chores.framework; sourceTree = BUILT_PRODUCTS_DIR; };
		87919A159896898CF91E3A55 /* Pods-Chores.debug.xcconfig */ = {isa = PBXFileReference; includeInIndex = 1; lastKnownFileType = text.xcconfig; name = "Pods-Chores.debug.xcconfig"; path = "Target Support Files/Pods-Chores/Pods-Chores.debug.xcconfig"; sourceTree = "<group>"; };
		DC1DB8DA26552BAB00F89E5A /* ChoresDataModel.swift */ = {isa = PBXFileReference; lastKnownFileType = sourcecode.swift; path = ChoresDataModel.swift; sourceTree = "<group>"; };
		DC203CFE264E6098002FADDA /* OngoingTableViewCell.swift */ = {isa = PBXFileReference; lastKnownFileType = sourcecode.swift; path = OngoingTableViewCell.swift; sourceTree = "<group>"; };
		DC203CFF264E6098002FADDA /* OngoingTableViewCell.xib */ = {isa = PBXFileReference; lastKnownFileType = file.xib; path = OngoingTableViewCell.xib; sourceTree = "<group>"; };
		DC203D06264E823C002FADDA /* AddChoresViewController.swift */ = {isa = PBXFileReference; lastKnownFileType = sourcecode.swift; path = AddChoresViewController.swift; sourceTree = "<group>"; };
		DC502A5C26535D6200BEC0C3 /* PublisherViewController.swift */ = {isa = PBXFileReference; lastKnownFileType = sourcecode.swift; path = PublisherViewController.swift; sourceTree = "<group>"; };
		DC531C99265523D100F3FD4B /* GoogleService-Info.plist */ = {isa = PBXFileReference; fileEncoding = 4; lastKnownFileType = text.plist.xml; path = "GoogleService-Info.plist"; sourceTree = "<group>"; };
		DC5AC61526528BBB00F99E74 /* MemberCollectionViewCell.swift */ = {isa = PBXFileReference; lastKnownFileType = sourcecode.swift; path = MemberCollectionViewCell.swift; sourceTree = "<group>"; };
		DC5AC61626528BBB00F99E74 /* MemberCollectionViewCell.xib */ = {isa = PBXFileReference; lastKnownFileType = file.xib; path = MemberCollectionViewCell.xib; sourceTree = "<group>"; };
		DC8136482650090E003CC6ED /* UICollectionView+Extension.swift */ = {isa = PBXFileReference; lastKnownFileType = sourcecode.swift; path = "UICollectionView+Extension.swift"; sourceTree = "<group>"; };
		DC81364B2650095C003CC6ED /* TagCollectionViewCell.swift */ = {isa = PBXFileReference; lastKnownFileType = sourcecode.swift; path = TagCollectionViewCell.swift; sourceTree = "<group>"; };
		DC81364C2650095C003CC6ED /* TagCollectionViewCell.xib */ = {isa = PBXFileReference; lastKnownFileType = file.xib; path = TagCollectionViewCell.xib; sourceTree = "<group>"; };
		DC913CE1264C144400C18251 /* SectionView.swift */ = {isa = PBXFileReference; lastKnownFileType = sourcecode.swift; path = SectionView.swift; sourceTree = "<group>"; };
		DC913CE2264C144400C18251 /* SectionView.xib */ = {isa = PBXFileReference; lastKnownFileType = file.xib; path = SectionView.xib; sourceTree = "<group>"; };
		DC913CE6264C1A2B00C18251 /* CardView.swift */ = {isa = PBXFileReference; lastKnownFileType = sourcecode.swift; path = CardView.swift; sourceTree = "<group>"; };
		DC913CEA264C1F9100C18251 /* UIColor+Extension.swift */ = {isa = PBXFileReference; lastKnownFileType = sourcecode.swift; path = "UIColor+Extension.swift"; sourceTree = "<group>"; };
		DC913CED264C517500C18251 /* NavigationController.swift */ = {isa = PBXFileReference; lastKnownFileType = sourcecode.swift; path = NavigationController.swift; sourceTree = "<group>"; };
		DC913CF0264CB46E00C18251 /* UnclaimedCellView.swift */ = {isa = PBXFileReference; lastKnownFileType = sourcecode.swift; path = UnclaimedCellView.swift; sourceTree = "<group>"; };
		DC913CF1264CB46E00C18251 /* UnclaimedCellView.xib */ = {isa = PBXFileReference; lastKnownFileType = file.xib; path = UnclaimedCellView.xib; sourceTree = "<group>"; };
		DC92B8472652C2A900041D01 /* MemberDataViewController.swift */ = {isa = PBXFileReference; lastKnownFileType = sourcecode.swift; path = MemberDataViewController.swift; sourceTree = "<group>"; };
		DC92B84A2652D13D00041D01 /* AddMemberCell.swift */ = {isa = PBXFileReference; lastKnownFileType = sourcecode.swift; path = AddMemberCell.swift; sourceTree = "<group>"; };
		DC92B84B2652D13D00041D01 /* AddMemberCell.xib */ = {isa = PBXFileReference; lastKnownFileType = file.xib; path = AddMemberCell.xib; sourceTree = "<group>"; };
		DC9B10AE2659691A00F50430 /* UserProvider.swift */ = {isa = PBXFileReference; lastKnownFileType = sourcecode.swift; path = UserProvider.swift; sourceTree = "<group>"; };
		DCA433EE264BA2BD00242617 /* Chores.app */ = {isa = PBXFileReference; explicitFileType = wrapper.application; includeInIndex = 0; path = Chores.app; sourceTree = BUILT_PRODUCTS_DIR; };
		DCA433F1264BA2BD00242617 /* AppDelegate.swift */ = {isa = PBXFileReference; lastKnownFileType = sourcecode.swift; path = AppDelegate.swift; sourceTree = "<group>"; };
		DCA433F3264BA2BD00242617 /* SceneDelegate.swift */ = {isa = PBXFileReference; lastKnownFileType = sourcecode.swift; path = SceneDelegate.swift; sourceTree = "<group>"; };
		DCA433F5264BA2BD00242617 /* MissionViewController.swift */ = {isa = PBXFileReference; lastKnownFileType = sourcecode.swift; path = MissionViewController.swift; sourceTree = "<group>"; };
		DCA433F8264BA2BD00242617 /* Base */ = {isa = PBXFileReference; lastKnownFileType = file.storyboard; name = Base; path = Base.lproj/Main.storyboard; sourceTree = "<group>"; };
		DCA433FA264BA2C500242617 /* Assets.xcassets */ = {isa = PBXFileReference; lastKnownFileType = folder.assetcatalog; path = Assets.xcassets; sourceTree = "<group>"; };
		DCA433FD264BA2C500242617 /* Base */ = {isa = PBXFileReference; lastKnownFileType = file.storyboard; name = Base; path = Base.lproj/LaunchScreen.storyboard; sourceTree = "<group>"; };
		DCA433FF264BA2C500242617 /* Info.plist */ = {isa = PBXFileReference; lastKnownFileType = text.plist.xml; path = Info.plist; sourceTree = "<group>"; };
		DCA589EF265553920033EE63 /* RuleSegue.swift */ = {isa = PBXFileReference; lastKnownFileType = sourcecode.swift; path = RuleSegue.swift; sourceTree = "<group>"; };
		DCA589F226555AD10033EE63 /* FirebaseProvider.swift */ = {isa = PBXFileReference; lastKnownFileType = sourcecode.swift; path = FirebaseProvider.swift; sourceTree = "<group>"; };
		DCB98A0D264CDF7200A8C794 /* UITableView+Extension.swift */ = {isa = PBXFileReference; lastKnownFileType = sourcecode.swift; path = "UITableView+Extension.swift"; sourceTree = "<group>"; };
		DCBB101D2653A36600A8C1E4 /* RuleViewController.swift */ = {isa = PBXFileReference; lastKnownFileType = sourcecode.swift; path = RuleViewController.swift; sourceTree = "<group>"; };
		DCBB10202653F9AA00A8C1E4 /* ChoreImages.swift */ = {isa = PBXFileReference; lastKnownFileType = sourcecode.swift; path = ChoreImages.swift; sourceTree = "<group>"; };
		DCD7379E26520B9A00F1DEF8 /* ChoresRecordsViewController.swift */ = {isa = PBXFileReference; lastKnownFileType = sourcecode.swift; path = ChoresRecordsViewController.swift; sourceTree = "<group>"; };
		DCD737A126520BB300F1DEF8 /* ChoresDataViewController.swift */ = {isa = PBXFileReference; lastKnownFileType = sourcecode.swift; path = ChoresDataViewController.swift; sourceTree = "<group>"; };
		DCD737A526520E7200F1DEF8 /* RecordsTableViewCell.swift */ = {isa = PBXFileReference; lastKnownFileType = sourcecode.swift; path = RecordsTableViewCell.swift; sourceTree = "<group>"; };
		DCD737A626520E7200F1DEF8 /* RecordsTableViewCell.xib */ = {isa = PBXFileReference; lastKnownFileType = file.xib; path = RecordsTableViewCell.xib; sourceTree = "<group>"; };
		DCEEAA37264BCDBE00A64D37 /* UIStoryboard+Extension.swift */ = {isa = PBXFileReference; lastKnownFileType = sourcecode.swift; path = "UIStoryboard+Extension.swift"; sourceTree = "<group>"; };
		DCEEAA4C264BD98C00A64D37 /* UIView+Extension.swift */ = {isa = PBXFileReference; lastKnownFileType = sourcecode.swift; path = "UIView+Extension.swift"; sourceTree = "<group>"; };
		DCEEAA4F264BDC8B00A64D37 /* UIImage+Extension.swift */ = {isa = PBXFileReference; lastKnownFileType = sourcecode.swift; path = "UIImage+Extension.swift"; sourceTree = "<group>"; };
		DCEEAA53264BDD9400A64D37 /* Mission.storyboard */ = {isa = PBXFileReference; lastKnownFileType = file.storyboard; path = Mission.storyboard; sourceTree = "<group>"; };
		DCEEAA57264BE28D00A64D37 /* TabBarViewController.swift */ = {isa = PBXFileReference; lastKnownFileType = sourcecode.swift; path = TabBarViewController.swift; sourceTree = "<group>"; };
		DCEEAA5F264BEC8B00A64D37 /* Group.storyboard */ = {isa = PBXFileReference; lastKnownFileType = file.storyboard; path = Group.storyboard; sourceTree = "<group>"; };
		DCEEAA62264BEC9E00A64D37 /* Profile.storyboard */ = {isa = PBXFileReference; lastKnownFileType = file.storyboard; path = Profile.storyboard; sourceTree = "<group>"; };
		DCEEAA65264BECC000A64D37 /* Auth.storyboard */ = {isa = PBXFileReference; lastKnownFileType = file.storyboard; path = Auth.storyboard; sourceTree = "<group>"; };
		DCEEAA69264BED9F00A64D37 /* GroupViewController.swift */ = {isa = PBXFileReference; lastKnownFileType = sourcecode.swift; path = GroupViewController.swift; sourceTree = "<group>"; };
		DCEEAA6E264BEDC000A64D37 /* ProfileViewController.swift */ = {isa = PBXFileReference; lastKnownFileType = sourcecode.swift; path = ProfileViewController.swift; sourceTree = "<group>"; };
		DCEEAA72264BEDEC00A64D37 /* AuthViewController.swift */ = {isa = PBXFileReference; lastKnownFileType = sourcecode.swift; path = AuthViewController.swift; sourceTree = "<group>"; };
		F6E25026B54DD6C5CFA49310 /* Pods-Chores.release.xcconfig */ = {isa = PBXFileReference; includeInIndex = 1; lastKnownFileType = text.xcconfig; name = "Pods-Chores.release.xcconfig"; path = "Target Support Files/Pods-Chores/Pods-Chores.release.xcconfig"; sourceTree = "<group>"; };
/* End PBXFileReference section */

/* Begin PBXFrameworksBuildPhase section */
		DCA433EB264BA2BD00242617 /* Frameworks */ = {
			isa = PBXFrameworksBuildPhase;
			buildActionMask = 2147483647;
			files = (
				96114C0E460E8A693A48E92D /* Pods_Chores.framework in Frameworks */,
			);
			runOnlyForDeploymentPostprocessing = 0;
		};
/* End PBXFrameworksBuildPhase section */

/* Begin PBXGroup section */
		C98BB8CAB4322A66A533A4AA /* Frameworks */ = {
			isa = PBXGroup;
			children = (
				1F7749F864051FCD22993EF0 /* Pods_Chores.framework */,
			);
			name = Frameworks;
			sourceTree = "<group>";
		};
		DC203D03264E60AE002FADDA /* Mission */ = {
			isa = PBXGroup;
			children = (
				DC913CE1264C144400C18251 /* SectionView.swift */,
				DC913CE2264C144400C18251 /* SectionView.xib */,
				DC913CF0264CB46E00C18251 /* UnclaimedCellView.swift */,
				DC913CF1264CB46E00C18251 /* UnclaimedCellView.xib */,
				DC203CFE264E6098002FADDA /* OngoingTableViewCell.swift */,
				DC203CFF264E6098002FADDA /* OngoingTableViewCell.xib */,
				DC813640264EAB4D003CC6ED /* Add */,
			);
			path = Mission;
			sourceTree = "<group>";
		};
		DC5AC61126528B1700F99E74 /* Group */ = {
			isa = PBXGroup;
			children = (
				DC5AC61526528BBB00F99E74 /* MemberCollectionViewCell.swift */,
				DC5AC61626528BBB00F99E74 /* MemberCollectionViewCell.xib */,
				DC92B84F2652D14D00041D01 /* Add */,
			);
			path = Group;
			sourceTree = "<group>";
		};
		DC813640264EAB4D003CC6ED /* Add */ = {
			isa = PBXGroup;
			children = (
				DC81364B2650095C003CC6ED /* TagCollectionViewCell.swift */,
				DC81364C2650095C003CC6ED /* TagCollectionViewCell.xib */,
			);
			path = Add;
			sourceTree = "<group>";
		};
		DC92B84F2652D14D00041D01 /* Add */ = {
			isa = PBXGroup;
			children = (
				DC92B84A2652D13D00041D01 /* AddMemberCell.swift */,
				DC92B84B2652D13D00041D01 /* AddMemberCell.xib */,
			);
			path = Add;
			sourceTree = "<group>";
		};
		DCA433E5264BA2BC00242617 = {
			isa = PBXGroup;
			children = (
				DCA433F0264BA2BD00242617 /* Chores */,
				DCEEAA5A264BE42D00A64D37 /* Resource */,
				DCA433EF264BA2BD00242617 /* Products */,
				E10866BE047D532C38597333 /* Pods */,
				C98BB8CAB4322A66A533A4AA /* Frameworks */,
			);
			sourceTree = "<group>";
		};
		DCA433EF264BA2BD00242617 /* Products */ = {
			isa = PBXGroup;
			children = (
				DCA433EE264BA2BD00242617 /* Chores.app */,
			);
			name = Products;
			sourceTree = "<group>";
		};
		DCA433F0264BA2BD00242617 /* Chores */ = {
			isa = PBXGroup;
			children = (
				DCA433F1264BA2BD00242617 /* AppDelegate.swift */,
				DCA433F3264BA2BD00242617 /* SceneDelegate.swift */,
				DCA433FF264BA2C500242617 /* Info.plist */,
				DC531C99265523D100F3FD4B /* GoogleService-Info.plist */,
				DCEEAA36264BCD0600A64D37 /* Extension */,
				DCEEAA33264BCCA200A64D37 /* Model */,
				DCEEAA35264BCCD600A64D37 /* View */,
				DCEEAA34264BCCB400A64D37 /* Controller */,
			);
			path = Chores;
			sourceTree = "<group>";
		};
		DCD737AA26520E7D00F1DEF8 /* Profile */ = {
			isa = PBXGroup;
			children = (
				DCD737A526520E7200F1DEF8 /* RecordsTableViewCell.swift */,
				DCD737A626520E7200F1DEF8 /* RecordsTableViewCell.xib */,
			);
			path = Profile;
			sourceTree = "<group>";
		};
		DCEEAA33264BCCA200A64D37 /* Model */ = {
			isa = PBXGroup;
			children = (
				DC9B10AE2659691A00F50430 /* UserProvider.swift */,
				DCA589F226555AD10033EE63 /* FirebaseProvider.swift */,
				DC1DB8DA26552BAB00F89E5A /* ChoresDataModel.swift */,
				DCBB10202653F9AA00A8C1E4 /* ChoreImages.swift */,
			);
			path = Model;
			sourceTree = "<group>";
		};
		DCEEAA34264BCCB400A64D37 /* Controller */ = {
			isa = PBXGroup;
			children = (
				DCEEAA5C264BEA7000A64D37 /* Base */,
				DCEEAA5D264BEA8000A64D37 /* Mission */,
				DCEEAA68264BED7700A64D37 /* Group */,
				DCEEAA6C264BEDA400A64D37 /* Profile */,
				DCEEAA71264BEDD300A64D37 /* Auth */,
			);
			path = Controller;
			sourceTree = "<group>";
		};
		DCEEAA35264BCCD600A64D37 /* View */ = {
			isa = PBXGroup;
			children = (
				DCA433F7264BA2BD00242617 /* Main.storyboard */,
				DCEEAA53264BDD9400A64D37 /* Mission.storyboard */,
				DCEEAA5F264BEC8B00A64D37 /* Group.storyboard */,
				DCEEAA62264BEC9E00A64D37 /* Profile.storyboard */,
				DCA433FC264BA2C500242617 /* LaunchScreen.storyboard */,
				DCEEAA65264BECC000A64D37 /* Auth.storyboard */,
				DC913CE6264C1A2B00C18251 /* CardView.swift */,
				DC203D03264E60AE002FADDA /* Mission */,
				DC5AC61126528B1700F99E74 /* Group */,
				DCD737AA26520E7D00F1DEF8 /* Profile */,
			);
			path = View;
			sourceTree = "<group>";
		};
		DCEEAA36264BCD0600A64D37 /* Extension */ = {
			isa = PBXGroup;
			children = (
				DCEEAA37264BCDBE00A64D37 /* UIStoryboard+Extension.swift */,
				DCEEAA4C264BD98C00A64D37 /* UIView+Extension.swift */,
				DC913CEA264C1F9100C18251 /* UIColor+Extension.swift */,
				DCEEAA4F264BDC8B00A64D37 /* UIImage+Extension.swift */,
				DCB98A0D264CDF7200A8C794 /* UITableView+Extension.swift */,
				DC8136482650090E003CC6ED /* UICollectionView+Extension.swift */,
			);
			path = Extension;
			sourceTree = "<group>";
		};
		DCEEAA5A264BE42D00A64D37 /* Resource */ = {
			isa = PBXGroup;
			children = (
				DCA433FA264BA2C500242617 /* Assets.xcassets */,
			);
			path = Resource;
			sourceTree = "<group>";
		};
		DCEEAA5C264BEA7000A64D37 /* Base */ = {
			isa = PBXGroup;
			children = (
				DCEEAA57264BE28D00A64D37 /* TabBarViewController.swift */,
				DC913CED264C517500C18251 /* NavigationController.swift */,
			);
			path = Base;
			sourceTree = "<group>";
		};
		DCEEAA5D264BEA8000A64D37 /* Mission */ = {
			isa = PBXGroup;
			children = (
				DCA433F5264BA2BD00242617 /* MissionViewController.swift */,
				DC203D06264E823C002FADDA /* AddChoresViewController.swift */,
				DCBB101D2653A36600A8C1E4 /* RuleViewController.swift */,
				DCA589EF265553920033EE63 /* RuleSegue.swift */,
			);
			path = Mission;
			sourceTree = "<group>";
		};
		DCEEAA68264BED7700A64D37 /* Group */ = {
			isa = PBXGroup;
			children = (
				DCEEAA69264BED9F00A64D37 /* GroupViewController.swift */,
				DC92B8472652C2A900041D01 /* MemberDataViewController.swift */,
			);
			path = Group;
			sourceTree = "<group>";
		};
		DCEEAA6C264BEDA400A64D37 /* Profile */ = {
			isa = PBXGroup;
			children = (
				DCEEAA6E264BEDC000A64D37 /* ProfileViewController.swift */,
				DCD7379E26520B9A00F1DEF8 /* ChoresRecordsViewController.swift */,
				DCD737A126520BB300F1DEF8 /* ChoresDataViewController.swift */,
				DC502A5C26535D6200BEC0C3 /* PublisherViewController.swift */,
			);
			path = Profile;
			sourceTree = "<group>";
		};
		DCEEAA71264BEDD300A64D37 /* Auth */ = {
			isa = PBXGroup;
			children = (
				DCEEAA72264BEDEC00A64D37 /* AuthViewController.swift */,
			);
			path = Auth;
			sourceTree = "<group>";
		};
		E10866BE047D532C38597333 /* Pods */ = {
			isa = PBXGroup;
			children = (
				87919A159896898CF91E3A55 /* Pods-Chores.debug.xcconfig */,
				F6E25026B54DD6C5CFA49310 /* Pods-Chores.release.xcconfig */,
			);
			path = Pods;
			sourceTree = "<group>";
		};
/* End PBXGroup section */

/* Begin PBXNativeTarget section */
		DCA433ED264BA2BD00242617 /* Chores */ = {
			isa = PBXNativeTarget;
			buildConfigurationList = DCA43402264BA2C500242617 /* Build configuration list for PBXNativeTarget "Chores" */;
			buildPhases = (
				5C1F39CCE60775F2BCCB9723 /* [CP] Check Pods Manifest.lock */,
				DCA433EA264BA2BD00242617 /* Sources */,
				DCA433EB264BA2BD00242617 /* Frameworks */,
				DCA433EC264BA2BD00242617 /* Resources */,
				DCB7429F264BBB50001F626E /* ShellScript */,
				2560A14F4C73F9D1C039F95B /* [CP] Embed Pods Frameworks */,
			);
			buildRules = (
			);
			dependencies = (
			);
			name = Chores;
			productName = Chores;
			productReference = DCA433EE264BA2BD00242617 /* Chores.app */;
			productType = "com.apple.product-type.application";
		};
/* End PBXNativeTarget section */

/* Begin PBXProject section */
		DCA433E6264BA2BC00242617 /* Project object */ = {
			isa = PBXProject;
			attributes = {
				LastSwiftUpdateCheck = 1240;
				LastUpgradeCheck = 1240;
				TargetAttributes = {
					DCA433ED264BA2BD00242617 = {
						CreatedOnToolsVersion = 12.4;
					};
				};
			};
			buildConfigurationList = DCA433E9264BA2BC00242617 /* Build configuration list for PBXProject "Chores" */;
			compatibilityVersion = "Xcode 9.3";
			developmentRegion = en;
			hasScannedForEncodings = 0;
			knownRegions = (
				en,
				Base,
			);
			mainGroup = DCA433E5264BA2BC00242617;
			productRefGroup = DCA433EF264BA2BD00242617 /* Products */;
			projectDirPath = "";
			projectRoot = "";
			targets = (
				DCA433ED264BA2BD00242617 /* Chores */,
			);
		};
/* End PBXProject section */

/* Begin PBXResourcesBuildPhase section */
		DCA433EC264BA2BD00242617 /* Resources */ = {
			isa = PBXResourcesBuildPhase;
			buildActionMask = 2147483647;
			files = (
				DCD737A826520E7200F1DEF8 /* RecordsTableViewCell.xib in Resources */,
				DC92B84D2652D13D00041D01 /* AddMemberCell.xib in Resources */,
				DC531C9A265523D100F3FD4B /* GoogleService-Info.plist in Resources */,
				DC913CE4264C144400C18251 /* SectionView.xib in Resources */,
				DC203D01264E6099002FADDA /* OngoingTableViewCell.xib in Resources */,
				DCEEAA63264BEC9E00A64D37 /* Profile.storyboard in Resources */,
				DCEEAA54264BDD9400A64D37 /* Mission.storyboard in Resources */,
				DCA433FE264BA2C500242617 /* LaunchScreen.storyboard in Resources */,
				DC81364E2650095C003CC6ED /* TagCollectionViewCell.xib in Resources */,
				DCB98A12264CF6C100A8C794 /* UnclaimedCellView.xib in Resources */,
				DC5AC61826528BBB00F99E74 /* MemberCollectionViewCell.xib in Resources */,
				DCA433FB264BA2C500242617 /* Assets.xcassets in Resources */,
				DCA433F9264BA2BD00242617 /* Main.storyboard in Resources */,
				DCEEAA60264BEC8B00A64D37 /* Group.storyboard in Resources */,
				DCEEAA66264BECC100A64D37 /* Auth.storyboard in Resources */,
			);
			runOnlyForDeploymentPostprocessing = 0;
		};
/* End PBXResourcesBuildPhase section */

/* Begin PBXShellScriptBuildPhase section */
		2560A14F4C73F9D1C039F95B /* [CP] Embed Pods Frameworks */ = {
			isa = PBXShellScriptBuildPhase;
			buildActionMask = 2147483647;
			files = (
			);
			inputFileListPaths = (
				"${PODS_ROOT}/Target Support Files/Pods-Chores/Pods-Chores-frameworks-${CONFIGURATION}-input-files.xcfilelist",
			);
			name = "[CP] Embed Pods Frameworks";
			outputFileListPaths = (
				"${PODS_ROOT}/Target Support Files/Pods-Chores/Pods-Chores-frameworks-${CONFIGURATION}-output-files.xcfilelist",
			);
			runOnlyForDeploymentPostprocessing = 0;
			shellPath = /bin/sh;
			shellScript = "\"${PODS_ROOT}/Target Support Files/Pods-Chores/Pods-Chores-frameworks.sh\"\n";
			showEnvVarsInLog = 0;
		};
		5C1F39CCE60775F2BCCB9723 /* [CP] Check Pods Manifest.lock */ = {
			isa = PBXShellScriptBuildPhase;
			buildActionMask = 2147483647;
			files = (
			);
			inputFileListPaths = (
			);
			inputPaths = (
				"${PODS_PODFILE_DIR_PATH}/Podfile.lock",
				"${PODS_ROOT}/Manifest.lock",
			);
			name = "[CP] Check Pods Manifest.lock";
			outputFileListPaths = (
			);
			outputPaths = (
				"$(DERIVED_FILE_DIR)/Pods-Chores-checkManifestLockResult.txt",
			);
			runOnlyForDeploymentPostprocessing = 0;
			shellPath = /bin/sh;
			shellScript = "diff \"${PODS_PODFILE_DIR_PATH}/Podfile.lock\" \"${PODS_ROOT}/Manifest.lock\" > /dev/null\nif [ $? != 0 ] ; then\n    # print error to STDERR\n    echo \"error: The sandbox is not in sync with the Podfile.lock. Run 'pod install' or update your CocoaPods installation.\" >&2\n    exit 1\nfi\n# This output is used by Xcode 'outputs' to avoid re-running this script phase.\necho \"SUCCESS\" > \"${SCRIPT_OUTPUT_FILE_0}\"\n";
			showEnvVarsInLog = 0;
		};
		DCB7429F264BBB50001F626E /* ShellScript */ = {
			isa = PBXShellScriptBuildPhase;
			buildActionMask = 2147483647;
			files = (
			);
			inputFileListPaths = (
			);
			inputPaths = (
			);
			outputFileListPaths = (
			);
			outputPaths = (
			);
			runOnlyForDeploymentPostprocessing = 0;
			shellPath = /bin/sh;
			shellScript = "\"${PODS_ROOT}/SwiftLint/swiftlint\"\n";
		};
/* End PBXShellScriptBuildPhase section */

/* Begin PBXSourcesBuildPhase section */
		DCA433EA264BA2BD00242617 /* Sources */ = {
			isa = PBXSourcesBuildPhase;
			buildActionMask = 2147483647;
			files = (
				DCBB10212653F9AA00A8C1E4 /* ChoreImages.swift in Sources */,
				DC9B10AF2659691B00F50430 /* UserProvider.swift in Sources */,
				DC1DB8DB26552BAB00F89E5A /* ChoresDataModel.swift in Sources */,
				DC5AC61726528BBB00F99E74 /* MemberCollectionViewCell.swift in Sources */,
				DCEEAA6A264BED9F00A64D37 /* GroupViewController.swift in Sources */,
				DCA589F0265553920033EE63 /* RuleSegue.swift in Sources */,
				DCA433F6264BA2BD00242617 /* MissionViewController.swift in Sources */,
				DC913CE3264C144400C18251 /* SectionView.swift in Sources */,
				DCEEAA73264BEDEC00A64D37 /* AuthViewController.swift in Sources */,
				DC203D07264E823C002FADDA /* AddChoresViewController.swift in Sources */,
				DCA433F2264BA2BD00242617 /* AppDelegate.swift in Sources */,
				DC913CEE264C517500C18251 /* NavigationController.swift in Sources */,
				DC203D00264E6099002FADDA /* OngoingTableViewCell.swift in Sources */,
				DCD737A726520E7200F1DEF8 /* RecordsTableViewCell.swift in Sources */,
				DCEEAA38264BCDBE00A64D37 /* UIStoryboard+Extension.swift in Sources */,
				DCEEAA50264BDC8B00A64D37 /* UIImage+Extension.swift in Sources */,
				DCEEAA58264BE28D00A64D37 /* TabBarViewController.swift in Sources */,
				DCD737A226520BB300F1DEF8 /* ChoresDataViewController.swift in Sources */,
				DCEEAA6F264BEDC000A64D37 /* ProfileViewController.swift in Sources */,
				DCEEAA4D264BD98C00A64D37 /* UIView+Extension.swift in Sources */,
				DC92B8482652C2A900041D01 /* MemberDataViewController.swift in Sources */,
				DC913CF2264CB46E00C18251 /* UnclaimedCellView.swift in Sources */,
				DCBB101E2653A36600A8C1E4 /* RuleViewController.swift in Sources */,
				DC913CEB264C1F9100C18251 /* UIColor+Extension.swift in Sources */,
				DC913CE7264C1A2B00C18251 /* CardView.swift in Sources */,
				DC8136492650090E003CC6ED /* UICollectionView+Extension.swift in Sources */,
				DC92B84C2652D13D00041D01 /* AddMemberCell.swift in Sources */,
				DCD7379F26520B9A00F1DEF8 /* ChoresRecordsViewController.swift in Sources */,
				DC81364D2650095C003CC6ED /* TagCollectionViewCell.swift in Sources */,
				DCA433F4264BA2BD00242617 /* SceneDelegate.swift in Sources */,
				DCA589F326555AD10033EE63 /* FirebaseProvider.swift in Sources */,
				DCB98A0E264CDF7200A8C794 /* UITableView+Extension.swift in Sources */,
				DC502A5D26535D6200BEC0C3 /* PublisherViewController.swift in Sources */,
			);
			runOnlyForDeploymentPostprocessing = 0;
		};
/* End PBXSourcesBuildPhase section */

/* Begin PBXVariantGroup section */
		DCA433F7264BA2BD00242617 /* Main.storyboard */ = {
			isa = PBXVariantGroup;
			children = (
				DCA433F8264BA2BD00242617 /* Base */,
			);
			name = Main.storyboard;
			sourceTree = "<group>";
		};
		DCA433FC264BA2C500242617 /* LaunchScreen.storyboard */ = {
			isa = PBXVariantGroup;
			children = (
				DCA433FD264BA2C500242617 /* Base */,
			);
			name = LaunchScreen.storyboard;
			sourceTree = "<group>";
		};
/* End PBXVariantGroup section */

/* Begin XCBuildConfiguration section */
		DCA43400264BA2C500242617 /* Debug */ = {
			isa = XCBuildConfiguration;
			buildSettings = {
				ALWAYS_SEARCH_USER_PATHS = NO;
				CLANG_ANALYZER_NONNULL = YES;
				CLANG_ANALYZER_NUMBER_OBJECT_CONVERSION = YES_AGGRESSIVE;
				CLANG_CXX_LANGUAGE_STANDARD = "gnu++14";
				CLANG_CXX_LIBRARY = "libc++";
				CLANG_ENABLE_MODULES = YES;
				CLANG_ENABLE_OBJC_ARC = YES;
				CLANG_ENABLE_OBJC_WEAK = YES;
				CLANG_WARN_BLOCK_CAPTURE_AUTORELEASING = YES;
				CLANG_WARN_BOOL_CONVERSION = YES;
				CLANG_WARN_COMMA = YES;
				CLANG_WARN_CONSTANT_CONVERSION = YES;
				CLANG_WARN_DEPRECATED_OBJC_IMPLEMENTATIONS = YES;
				CLANG_WARN_DIRECT_OBJC_ISA_USAGE = YES_ERROR;
				CLANG_WARN_DOCUMENTATION_COMMENTS = YES;
				CLANG_WARN_EMPTY_BODY = YES;
				CLANG_WARN_ENUM_CONVERSION = YES;
				CLANG_WARN_INFINITE_RECURSION = YES;
				CLANG_WARN_INT_CONVERSION = YES;
				CLANG_WARN_NON_LITERAL_NULL_CONVERSION = YES;
				CLANG_WARN_OBJC_IMPLICIT_RETAIN_SELF = YES;
				CLANG_WARN_OBJC_LITERAL_CONVERSION = YES;
				CLANG_WARN_OBJC_ROOT_CLASS = YES_ERROR;
				CLANG_WARN_QUOTED_INCLUDE_IN_FRAMEWORK_HEADER = YES;
				CLANG_WARN_RANGE_LOOP_ANALYSIS = YES;
				CLANG_WARN_STRICT_PROTOTYPES = YES;
				CLANG_WARN_SUSPICIOUS_MOVE = YES;
				CLANG_WARN_UNGUARDED_AVAILABILITY = YES_AGGRESSIVE;
				CLANG_WARN_UNREACHABLE_CODE = YES;
				CLANG_WARN__DUPLICATE_METHOD_MATCH = YES;
				COPY_PHASE_STRIP = NO;
				DEBUG_INFORMATION_FORMAT = dwarf;
				ENABLE_STRICT_OBJC_MSGSEND = YES;
				ENABLE_TESTABILITY = YES;
				GCC_C_LANGUAGE_STANDARD = gnu11;
				GCC_DYNAMIC_NO_PIC = NO;
				GCC_NO_COMMON_BLOCKS = YES;
				GCC_OPTIMIZATION_LEVEL = 0;
				GCC_PREPROCESSOR_DEFINITIONS = (
					"DEBUG=1",
					"$(inherited)",
				);
				GCC_WARN_64_TO_32_BIT_CONVERSION = YES;
				GCC_WARN_ABOUT_RETURN_TYPE = YES_ERROR;
				GCC_WARN_UNDECLARED_SELECTOR = YES;
				GCC_WARN_UNINITIALIZED_AUTOS = YES_AGGRESSIVE;
				GCC_WARN_UNUSED_FUNCTION = YES;
				GCC_WARN_UNUSED_VARIABLE = YES;
				IPHONEOS_DEPLOYMENT_TARGET = 14.4;
				MTL_ENABLE_DEBUG_INFO = INCLUDE_SOURCE;
				MTL_FAST_MATH = YES;
				ONLY_ACTIVE_ARCH = YES;
				SDKROOT = iphoneos;
				SWIFT_ACTIVE_COMPILATION_CONDITIONS = DEBUG;
				SWIFT_OPTIMIZATION_LEVEL = "-Onone";
			};
			name = Debug;
		};
		DCA43401264BA2C500242617 /* Release */ = {
			isa = XCBuildConfiguration;
			buildSettings = {
				ALWAYS_SEARCH_USER_PATHS = NO;
				CLANG_ANALYZER_NONNULL = YES;
				CLANG_ANALYZER_NUMBER_OBJECT_CONVERSION = YES_AGGRESSIVE;
				CLANG_CXX_LANGUAGE_STANDARD = "gnu++14";
				CLANG_CXX_LIBRARY = "libc++";
				CLANG_ENABLE_MODULES = YES;
				CLANG_ENABLE_OBJC_ARC = YES;
				CLANG_ENABLE_OBJC_WEAK = YES;
				CLANG_WARN_BLOCK_CAPTURE_AUTORELEASING = YES;
				CLANG_WARN_BOOL_CONVERSION = YES;
				CLANG_WARN_COMMA = YES;
				CLANG_WARN_CONSTANT_CONVERSION = YES;
				CLANG_WARN_DEPRECATED_OBJC_IMPLEMENTATIONS = YES;
				CLANG_WARN_DIRECT_OBJC_ISA_USAGE = YES_ERROR;
				CLANG_WARN_DOCUMENTATION_COMMENTS = YES;
				CLANG_WARN_EMPTY_BODY = YES;
				CLANG_WARN_ENUM_CONVERSION = YES;
				CLANG_WARN_INFINITE_RECURSION = YES;
				CLANG_WARN_INT_CONVERSION = YES;
				CLANG_WARN_NON_LITERAL_NULL_CONVERSION = YES;
				CLANG_WARN_OBJC_IMPLICIT_RETAIN_SELF = YES;
				CLANG_WARN_OBJC_LITERAL_CONVERSION = YES;
				CLANG_WARN_OBJC_ROOT_CLASS = YES_ERROR;
				CLANG_WARN_QUOTED_INCLUDE_IN_FRAMEWORK_HEADER = YES;
				CLANG_WARN_RANGE_LOOP_ANALYSIS = YES;
				CLANG_WARN_STRICT_PROTOTYPES = YES;
				CLANG_WARN_SUSPICIOUS_MOVE = YES;
				CLANG_WARN_UNGUARDED_AVAILABILITY = YES_AGGRESSIVE;
				CLANG_WARN_UNREACHABLE_CODE = YES;
				CLANG_WARN__DUPLICATE_METHOD_MATCH = YES;
				COPY_PHASE_STRIP = NO;
				DEBUG_INFORMATION_FORMAT = "dwarf-with-dsym";
				ENABLE_NS_ASSERTIONS = NO;
				ENABLE_STRICT_OBJC_MSGSEND = YES;
				GCC_C_LANGUAGE_STANDARD = gnu11;
				GCC_NO_COMMON_BLOCKS = YES;
				GCC_WARN_64_TO_32_BIT_CONVERSION = YES;
				GCC_WARN_ABOUT_RETURN_TYPE = YES_ERROR;
				GCC_WARN_UNDECLARED_SELECTOR = YES;
				GCC_WARN_UNINITIALIZED_AUTOS = YES_AGGRESSIVE;
				GCC_WARN_UNUSED_FUNCTION = YES;
				GCC_WARN_UNUSED_VARIABLE = YES;
				IPHONEOS_DEPLOYMENT_TARGET = 14.4;
				MTL_ENABLE_DEBUG_INFO = NO;
				MTL_FAST_MATH = YES;
				SDKROOT = iphoneos;
				SWIFT_COMPILATION_MODE = wholemodule;
				SWIFT_OPTIMIZATION_LEVEL = "-O";
				VALIDATE_PRODUCT = YES;
			};
			name = Release;
		};
		DCA43403264BA2C500242617 /* Debug */ = {
			isa = XCBuildConfiguration;
			baseConfigurationReference = 87919A159896898CF91E3A55 /* Pods-Chores.debug.xcconfig */;
			buildSettings = {
				ASSETCATALOG_COMPILER_APPICON_NAME = AppIcon;
				ASSETCATALOG_COMPILER_GLOBAL_ACCENT_COLOR_NAME = AccentColor;
				CODE_SIGN_STYLE = Automatic;
				INFOPLIST_FILE = Chores/Info.plist;
				LD_RUNPATH_SEARCH_PATHS = (
					"$(inherited)",
					"@executable_path/Frameworks",
				);
				PRODUCT_BUNDLE_IDENTIFIER = com.serenahuang.Chores;
				PRODUCT_NAME = "$(TARGET_NAME)";
				SWIFT_VERSION = 5.0;
				TARGETED_DEVICE_FAMILY = "1,2";
			};
			name = Debug;
		};
		DCA43404264BA2C500242617 /* Release */ = {
			isa = XCBuildConfiguration;
			baseConfigurationReference = F6E25026B54DD6C5CFA49310 /* Pods-Chores.release.xcconfig */;
			buildSettings = {
				ASSETCATALOG_COMPILER_APPICON_NAME = AppIcon;
				ASSETCATALOG_COMPILER_GLOBAL_ACCENT_COLOR_NAME = AccentColor;
				CODE_SIGN_STYLE = Automatic;
				INFOPLIST_FILE = Chores/Info.plist;
				LD_RUNPATH_SEARCH_PATHS = (
					"$(inherited)",
					"@executable_path/Frameworks",
				);
				PRODUCT_BUNDLE_IDENTIFIER = com.serenahuang.Chores;
				PRODUCT_NAME = "$(TARGET_NAME)";
				SWIFT_VERSION = 5.0;
				TARGETED_DEVICE_FAMILY = "1,2";
			};
			name = Release;
		};
/* End XCBuildConfiguration section */

/* Begin XCConfigurationList section */
		DCA433E9264BA2BC00242617 /* Build configuration list for PBXProject "Chores" */ = {
			isa = XCConfigurationList;
			buildConfigurations = (
				DCA43400264BA2C500242617 /* Debug */,
				DCA43401264BA2C500242617 /* Release */,
			);
			defaultConfigurationIsVisible = 0;
			defaultConfigurationName = Release;
		};
		DCA43402264BA2C500242617 /* Build configuration list for PBXNativeTarget "Chores" */ = {
			isa = XCConfigurationList;
			buildConfigurations = (
				DCA43403264BA2C500242617 /* Debug */,
				DCA43404264BA2C500242617 /* Release */,
			);
			defaultConfigurationIsVisible = 0;
			defaultConfigurationName = Release;
		};
/* End XCConfigurationList section */
	};
	rootObject = DCA433E6264BA2BC00242617 /* Project object */;
}
